
Microsoft Visual Studio Solution File, Format Version 12.00
# Visual Studio Version 17
VisualStudioVersion = 17.14.36616.10 d17.14
MinimumVisualStudioVersion = 10.0.40219.1
Project("{FAE04EC0-301F-11D3-BF4B-00C04F79EFBC}") = "P7_1_714240032", "P7_1_714240032\P7_1_714240032.csproj", "{372874A8-4421-4ED2-9517-F2D66EBD4C6C}"
EndProject
Global
	GlobalSection(SolutionConfigurationPlatforms) = preSolution
		Debug|Any CPU = Debug|Any CPU
		Release|Any CPU = Release|Any CPU
	EndGlobalSection
	GlobalSection(ProjectConfigurationPlatforms) = postSolution
		{372874A8-4421-4ED2-9517-F2D66EBD4C6C}.Debug|Any CPU.ActiveCfg = Debug|Any CPU
		{372874A8-4421-4ED2-9517-F2D66EBD4C6C}.Debug|Any CPU.Build.0 = Debug|Any CPU
		{372874A8-4421-4ED2-9517-F2D66EBD4C6C}.Release|Any CPU.ActiveCfg = Release|Any CPU
		{372874A8-4421-4ED2-9517-F2D66EBD4C6C}.Release|Any CPU.Build.0 = Release|Any CPU
	EndGlobalSection
	GlobalSection(SolutionProperties) = preSolution
		HideSolutionNode = FALSE
	EndGlobalSection
	GlobalSection(ExtensibilityGlobals) = postSolution
		SolutionGuid = {E87DCB6E-0750-460E-9A50-8172317092C9}
	EndGlobalSection
EndGlobal
